
Microsoft Visual Studio Solution File, Format Version 12.00
# Visual Studio 14
VisualStudioVersion = 14.0.25420.1
MinimumVisualStudioVersion = 10.0.40219.1
Project("{8BC9CEB8-8B4A-11D0-8D11-00A0C91BC942}") = "TwoSum_C", "TwoSum_C\TwoSum_C.vcxproj", "{1A333646-C01C-4909-8646-78AC2851B93E}"
EndProject
Project("{FAE04EC0-301F-11D3-BF4B-00C04F79EFBC}") = "TwoSum_CS", "TwoSum_CS\TwoSum_CS.csproj", "{1FCCF17A-912C-4F72-BE46-7B9A481D5FCE}"
EndProject
Project("{2150E333-8FDC-42A3-9474-1A3956D46DE8}") = "TwoSum", "TwoSum", "{6BEB19CD-402C-44FE-9D47-035317E77F12}"
EndProject
Project("{2150E333-8FDC-42A3-9474-1A3956D46DE8}") = "LongestSubstringWithoutRepeatingCharacters", "LongestSubstringWithoutRepeatingCharacters", "{772F6BBC-E226-48D7-B4C1-E4F8EA2A98C1}"
EndProject
Project("{FAE04EC0-301F-11D3-BF4B-00C04F79EFBC}") = "LongestSubstringWithoutRepeatingCharacters_CS", "LongestSubstringWithoutRepeatingCharacters_CS\LongestSubstringWithoutRepeatingCharacters_CS.csproj", "{DABFA726-1180-4B6A-8421-45192F3FE90D}"
EndProject
Project("{FAE04EC0-301F-11D3-BF4B-00C04F79EFBC}") = "Solutions", "Solution\Solutions.csproj", "{7E20BF70-E7F0-4EAA-93EB-5F83140CF20C}"
EndProject
Project("{FAE04EC0-301F-11D3-BF4B-00C04F79EFBC}") = "SolutionsTests", "SolutionTests\SolutionsTests.csproj", "{21824477-A83A-49E9-AF6F-7833AA698691}"
EndProject
Global
	GlobalSection(SolutionConfigurationPlatforms) = preSolution
		Debug|Any CPU = Debug|Any CPU
		Debug|x64 = Debug|x64
		Debug|x86 = Debug|x86
		Release|Any CPU = Release|Any CPU
		Release|x64 = Release|x64
		Release|x86 = Release|x86
	EndGlobalSection
	GlobalSection(ProjectConfigurationPlatforms) = postSolution
		{1A333646-C01C-4909-8646-78AC2851B93E}.Debug|Any CPU.ActiveCfg = Debug|Win32
		{1A333646-C01C-4909-8646-78AC2851B93E}.Debug|x64.ActiveCfg = Debug|x64
		{1A333646-C01C-4909-8646-78AC2851B93E}.Debug|x64.Build.0 = Debug|x64
		{1A333646-C01C-4909-8646-78AC2851B93E}.Debug|x86.ActiveCfg = Debug|Win32
		{1A333646-C01C-4909-8646-78AC2851B93E}.Debug|x86.Build.0 = Debug|Win32
		{1A333646-C01C-4909-8646-78AC2851B93E}.Release|Any CPU.ActiveCfg = Release|Win32
		{1A333646-C01C-4909-8646-78AC2851B93E}.Release|x64.ActiveCfg = Release|x64
		{1A333646-C01C-4909-8646-78AC2851B93E}.Release|x64.Build.0 = Release|x64
		{1A333646-C01C-4909-8646-78AC2851B93E}.Release|x86.ActiveCfg = Release|Win32
		{1A333646-C01C-4909-8646-78AC2851B93E}.Release|x86.Build.0 = Release|Win32
		{1FCCF17A-912C-4F72-BE46-7B9A481D5FCE}.Debug|Any CPU.ActiveCfg = Debug|Any CPU
		{1FCCF17A-912C-4F72-BE46-7B9A481D5FCE}.Debug|Any CPU.Build.0 = Debug|Any CPU
		{1FCCF17A-912C-4F72-BE46-7B9A481D5FCE}.Debug|x64.ActiveCfg = Debug|Any CPU
		{1FCCF17A-912C-4F72-BE46-7B9A481D5FCE}.Debug|x64.Build.0 = Debug|Any CPU
		{1FCCF17A-912C-4F72-BE46-7B9A481D5FCE}.Debug|x86.ActiveCfg = Debug|Any CPU
		{1FCCF17A-912C-4F72-BE46-7B9A481D5FCE}.Debug|x86.Build.0 = Debug|Any CPU
		{1FCCF17A-912C-4F72-BE46-7B9A481D5FCE}.Release|Any CPU.ActiveCfg = Release|Any CPU
		{1FCCF17A-912C-4F72-BE46-7B9A481D5FCE}.Release|Any CPU.Build.0 = Release|Any CPU
		{1FCCF17A-912C-4F72-BE46-7B9A481D5FCE}.Release|x64.ActiveCfg = Release|Any CPU
		{1FCCF17A-912C-4F72-BE46-7B9A481D5FCE}.Release|x64.Build.0 = Release|Any CPU
		{1FCCF17A-912C-4F72-BE46-7B9A481D5FCE}.Release|x86.ActiveCfg = Release|Any CPU
		{1FCCF17A-912C-4F72-BE46-7B9A481D5FCE}.Release|x86.Build.0 = Release|Any CPU
		{DABFA726-1180-4B6A-8421-45192F3FE90D}.Debug|Any CPU.ActiveCfg = Debug|Any CPU
		{DABFA726-1180-4B6A-8421-45192F3FE90D}.Debug|Any CPU.Build.0 = Debug|Any CPU
		{DABFA726-1180-4B6A-8421-45192F3FE90D}.Debug|x64.ActiveCfg = Debug|Any CPU
		{DABFA726-1180-4B6A-8421-45192F3FE90D}.Debug|x64.Build.0 = Debug|Any CPU
		{DABFA726-1180-4B6A-8421-45192F3FE90D}.Debug|x86.ActiveCfg = Debug|Any CPU
		{DABFA726-1180-4B6A-8421-45192F3FE90D}.Debug|x86.Build.0 = Debug|Any CPU
		{DABFA726-1180-4B6A-8421-45192F3FE90D}.Release|Any CPU.ActiveCfg = Release|Any CPU
		{DABFA726-1180-4B6A-8421-45192F3FE90D}.Release|Any CPU.Build.0 = Release|Any CPU
		{DABFA726-1180-4B6A-8421-45192F3FE90D}.Release|x64.ActiveCfg = Release|Any CPU
		{DABFA726-1180-4B6A-8421-45192F3FE90D}.Release|x64.Build.0 = Release|Any CPU
		{DABFA726-1180-4B6A-8421-45192F3FE90D}.Release|x86.ActiveCfg = Release|Any CPU
		{DABFA726-1180-4B6A-8421-45192F3FE90D}.Release|x86.Build.0 = Release|Any CPU
		{7E20BF70-E7F0-4EAA-93EB-5F83140CF20C}.Debug|Any CPU.ActiveCfg = Debug|Any CPU
		{7E20BF70-E7F0-4EAA-93EB-5F83140CF20C}.Debug|Any CPU.Build.0 = Debug|Any CPU
		{7E20BF70-E7F0-4EAA-93EB-5F83140CF20C}.Debug|x64.ActiveCfg = Debug|Any CPU
		{7E20BF70-E7F0-4EAA-93EB-5F83140CF20C}.Debug|x64.Build.0 = Debug|Any CPU
		{7E20BF70-E7F0-4EAA-93EB-5F83140CF20C}.Debug|x86.ActiveCfg = Debug|Any CPU
		{7E20BF70-E7F0-4EAA-93EB-5F83140CF20C}.Debug|x86.Build.0 = Debug|Any CPU
		{7E20BF70-E7F0-4EAA-93EB-5F83140CF20C}.Release|Any CPU.ActiveCfg = Release|Any CPU
		{7E20BF70-E7F0-4EAA-93EB-5F83140CF20C}.Release|Any CPU.Build.0 = Release|Any CPU
		{7E20BF70-E7F0-4EAA-93EB-5F83140CF20C}.Release|x64.ActiveCfg = Release|Any CPU
		{7E20BF70-E7F0-4EAA-93EB-5F83140CF20C}.Release|x64.Build.0 = Release|Any CPU
		{7E20BF70-E7F0-4EAA-93EB-5F83140CF20C}.Release|x86.ActiveCfg = Release|Any CPU
		{7E20BF70-E7F0-4EAA-93EB-5F83140CF20C}.Release|x86.Build.0 = Release|Any CPU
		{21824477-A83A-49E9-AF6F-7833AA698691}.Debug|Any CPU.ActiveCfg = Debug|Any CPU
		{21824477-A83A-49E9-AF6F-7833AA698691}.Debug|Any CPU.Build.0 = Debug|Any CPU
		{21824477-A83A-49E9-AF6F-7833AA698691}.Debug|x64.ActiveCfg = Debug|Any CPU
		{21824477-A83A-49E9-AF6F-7833AA698691}.Debug|x64.Build.0 = Debug|Any CPU
		{21824477-A83A-49E9-AF6F-7833AA698691}.Debug|x86.ActiveCfg = Debug|Any CPU
		{21824477-A83A-49E9-AF6F-7833AA698691}.Debug|x86.Build.0 = Debug|Any CPU
		{21824477-A83A-49E9-AF6F-7833AA698691}.Release|Any CPU.ActiveCfg = Release|Any CPU
		{21824477-A83A-49E9-AF6F-7833AA698691}.Release|Any CPU.Build.0 = Release|Any CPU
		{21824477-A83A-49E9-AF6F-7833AA698691}.Release|x64.ActiveCfg = Release|Any CPU
		{21824477-A83A-49E9-AF6F-7833AA698691}.Release|x64.Build.0 = Release|Any CPU
		{21824477-A83A-49E9-AF6F-7833AA698691}.Release|x86.ActiveCfg = Release|Any CPU
		{21824477-A83A-49E9-AF6F-7833AA698691}.Release|x86.Build.0 = Release|Any CPU
	EndGlobalSection
	GlobalSection(SolutionProperties) = preSolution
		HideSolutionNode = FALSE
	EndGlobalSection
	GlobalSection(NestedProjects) = preSolution
		{1A333646-C01C-4909-8646-78AC2851B93E} = {6BEB19CD-402C-44FE-9D47-035317E77F12}
		{1FCCF17A-912C-4F72-BE46-7B9A481D5FCE} = {6BEB19CD-402C-44FE-9D47-035317E77F12}
		{DABFA726-1180-4B6A-8421-45192F3FE90D} = {772F6BBC-E226-48D7-B4C1-E4F8EA2A98C1}
	EndGlobalSection
EndGlobal
